
Microsoft Visual Studio Solution File, Format Version 12.00
# Visual Studio Version 17
VisualStudioVersion = 17.10.34916.146
MinimumVisualStudioVersion = 10.0.40219.1
Project("{FAE04EC0-301F-11D3-BF4B-00C04F79EFBC}") = "AspCore_Crud", "AspCore_Crud\AspCore_Crud.csproj", "{15D24CD8-F261-4F15-9FEB-C08E3A721167}"
EndProject
Project("{FAE04EC0-301F-11D3-BF4B-00C04F79EFBC}") = "ASpCore_Infra", "ASpCore_Infra\ASpCore_Infra.csproj", "{4CA2B0E4-E1A6-4373-9FC6-31669E5DFED8}"
EndProject
Global
	GlobalSection(SolutionConfigurationPlatforms) = preSolution
		Debug|Any CPU = Debug|Any CPU
		Release|Any CPU = Release|Any CPU
	EndGlobalSection
	GlobalSection(ProjectConfigurationPlatforms) = postSolution
		{15D24CD8-F261-4F15-9FEB-C08E3A721167}.Debug|Any CPU.ActiveCfg = Debug|Any CPU
		{15D24CD8-F261-4F15-9FEB-C08E3A721167}.Debug|Any CPU.Build.0 = Debug|Any CPU
		{15D24CD8-F261-4F15-9FEB-C08E3A721167}.Release|Any CPU.ActiveCfg = Release|Any CPU
		{15D24CD8-F261-4F15-9FEB-C08E3A721167}.Release|Any CPU.Build.0 = Release|Any CPU
		{4CA2B0E4-E1A6-4373-9FC6-31669E5DFED8}.Debug|Any CPU.ActiveCfg = Debug|Any CPU
		{4CA2B0E4-E1A6-4373-9FC6-31669E5DFED8}.Debug|Any CPU.Build.0 = Debug|Any CPU
		{4CA2B0E4-E1A6-4373-9FC6-31669E5DFED8}.Release|Any CPU.ActiveCfg = Release|Any CPU
		{4CA2B0E4-E1A6-4373-9FC6-31669E5DFED8}.Release|Any CPU.Build.0 = Release|Any CPU
	EndGlobalSection
	GlobalSection(SolutionProperties) = preSolution
		HideSolutionNode = FALSE
	EndGlobalSection
	GlobalSection(ExtensibilityGlobals) = postSolution
		SolutionGuid = {0C65484F-5BC5-4366-A01C-99A9FD958267}
	EndGlobalSection
EndGlobal
